# THIS IS AN AUTOGENERATED FILE. DO NOT EDIT THIS FILE DIRECTLY.
# yarn lockfile v1


"@terraformer/arcgis@^2.0.7":
  version "2.0.7"
  resolved "https://registry.yarnpkg.com/@terraformer/arcgis/-/arcgis-2.0.7.tgz#617e6056a64b7328d4827702d64d0ccfc2e96d17"
  integrity sha512-7jIQcnd8RnKsDt1IxmEjq9t7l5fnf0e5c+c1+1GjG4NR+TY0XkJcWtrBv0DWd65uAlDiQYMlEG8ls5dz1GQiuA==
  dependencies:
    "@terraformer/common" "^2.0.7"

"@terraformer/common@^2.0.7":
  version "2.0.7"
  resolved "https://registry.yarnpkg.com/@terraformer/common/-/common-2.0.7.tgz#bec626f331b9f0cc3aefb16f9f88e2d3684107ff"
  integrity sha512-8bl+/JT0Rw6FYe2H3FfJS8uQwgzGl+UHs+8JX0TQLHgA4sMDEwObbMwo0iP3FVONwPXrPHEpC5YH7Grve0cl9A==

esri-leaflet@^2.5.0:
  version "2.5.0"
  resolved "https://registry.yarnpkg.com/esri-leaflet/-/esri-leaflet-2.5.0.tgz#ab800a57903fabdf7d9d84715b55546f976a3683"
  integrity sha512-c8rsE4op7sSVGX4/u3SBzbRU7BaR/4oL63+1ReBuUdFFdYMmMZjSkUOsrAOo59Jh8cRM5NB3MiHBCNAlNr/CsQ==
  dependencies:
    "@terraformer/arcgis" "^2.0.7"
    tiny-binary-search "^1.0.3"

mgrs@1.0.0:
  version "1.0.0"
  resolved "https://registry.yarnpkg.com/mgrs/-/mgrs-1.0.0.tgz#fb91588e78c90025672395cb40b25f7cd6ad1829"
  integrity sha1-+5FYjnjJACVnI5XLQLJffNatGCk=

proj4@^2.3.14:
  version "2.6.2"
  resolved "https://registry.yarnpkg.com/proj4/-/proj4-2.6.2.tgz#4665d7cbc30fd356375007c2fed53b07dbda1d67"
  integrity sha512-Pn0+HZtXb4JzuN8RR0VM7yyseegiYHbXkF+2FOdGpzRojcZ1BTjWxOh7qfp2vH0EyLu8pvcrhLxidwzgyUy/Gw==
  dependencies:
    mgrs "1.0.0"
    wkt-parser "^1.2.4"

proj4leaflet@^1.0.2:
  version "1.0.2"
  resolved "https://registry.yarnpkg.com/proj4leaflet/-/proj4leaflet-1.0.2.tgz#dec59f1e8a77a1682e320673e1e56f4161714d2a"
  integrity sha512-6GdDeUlhX/tHUiMEj80xQhlPjwrXcdfD0D5OBymY8WvxfbmZcdhNqQk7n7nFf53ue6QdP9ls9ZPjsAxnbZDTsw==
  dependencies:
    proj4 "^2.3.14"

tiny-binary-search@^1.0.3:
  version "1.0.3"
  resolved "https://registry.yarnpkg.com/tiny-binary-search/-/tiny-binary-search-1.0.3.tgz#9d52e3d16dd1171eb74486caf704ba08c0c62186"
  integrity sha512-STSHX/L5nI9WTLv6wrzJbAPbO7OIISX83KFBh2GVbX1Uz/vgZOU/ANn/8iV6t35yMTpoPzzO+3OQid3mifE0CA==

wkt-parser@^1.2.4:
  version "1.2.4"
  resolved "https://registry.yarnpkg.com/wkt-parser/-/wkt-parser-1.2.4.tgz#e42ba7b96f13aef82a2da9056e2d87da0fec5393"
  integrity sha512-ZzKnc7ml/91fOPh5bANBL4vUlWPIYYv11waCtWTkl2TRN+LEmBg60Q1MA8gqV4hEp4MGfSj9JiHz91zw/gTDXg==
